
Microsoft Visual Studio Solution File, Format Version 12.00
# Visual Studio Version 17
VisualStudioVersion = 17.0.31903.59
MinimumVisualStudioVersion = 10.0.40219.1
Project("{2150E333-8FDC-42A3-9474-1A3956D46DE8}") = "src", "src", "{78F98107-EAB0-4F6C-B795-ACB7073CAE6E}"
EndProject
Project("{2150E333-8FDC-42A3-9474-1A3956D46DE8}") = "tests", "tests", "{FACF4E4A-217A-491A-9CBE-FCA03007AB5A}"
EndProject
Project("{2150E333-8FDC-42A3-9474-1A3956D46DE8}") = "APIGateway", "APIGateway", "{332C9E27-6E4F-4E87-BD33-F7F82E084416}"
EndProject
Project("{2150E333-8FDC-42A3-9474-1A3956D46DE8}") = "Services", "Services", "{9183DDCA-8D96-4EF7-86C0-83B5863EAC56}"
EndProject
Project("{2150E333-8FDC-42A3-9474-1A3956D46DE8}") = "Framework", "Framework", "{CAB1501F-6E8F-44B8-8860-CAE6F1CBCC8E}"
EndProject
Project("{2150E333-8FDC-42A3-9474-1A3956D46DE8}") = "Users", "Users", "{327B702F-BF36-4FC6-BE6F-77A294FBE3E5}"
EndProject
Project("{2150E333-8FDC-42A3-9474-1A3956D46DE8}") = "Customers", "Customers", "{0CD210CC-9174-4159-B584-1C046B6FE790}"
EndProject
Project("{2150E333-8FDC-42A3-9474-1A3956D46DE8}") = "Payments", "Payments", "{E548E7F8-98DE-4C1E-B251-38424D523E27}"
EndProject
Project("{2150E333-8FDC-42A3-9474-1A3956D46DE8}") = "Wallets", "Wallets", "{B3F45679-98D7-4001-B423-250AA9C044B1}"
EndProject
Project("{FAE04EC0-301F-11D3-BF4B-00C04F79EFBC}") = "Rapido.Services.Users.Api", "src\Services\Users\Rapido.Services.Users.Api\Rapido.Services.Users.Api.csproj", "{9DFC7678-255E-48B3-A2C5-F94AE3923911}"
EndProject
Project("{FAE04EC0-301F-11D3-BF4B-00C04F79EFBC}") = "Rapido.Services.Users.Core", "src\Services\Users\Rapido.Services.Users.Core\Rapido.Services.Users.Core.csproj", "{A9B11E9A-1A0C-476B-8225-77CBE97E3016}"
EndProject
Project("{FAE04EC0-301F-11D3-BF4B-00C04F79EFBC}") = "Rapido.Framework", "src\Framework\Rapido.Framework\Rapido.Framework.csproj", "{405A1F61-86D4-4B0A-B67F-15C014FD0ACC}"
EndProject
Project("{FAE04EC0-301F-11D3-BF4B-00C04F79EFBC}") = "Rapido.Framework.Postgres", "src\Framework\Rapido.Framework.Postgres\Rapido.Framework.Postgres.csproj", "{FAB4F17A-E6E4-4401-97EC-96BDEC339A67}"
EndProject
Project("{FAE04EC0-301F-11D3-BF4B-00C04F79EFBC}") = "Rapido.Framework.Common", "src\Framework\Rapido.Framework.Common\Rapido.Framework.Common.csproj", "{B840866D-7423-417B-93D3-205995715608}"
EndProject
Project("{FAE04EC0-301F-11D3-BF4B-00C04F79EFBC}") = "Rapido.Services.Customers.Api", "src\Services\Customers\Rapido.Services.Customers.Api\Rapido.Services.Customers.Api.csproj", "{9BD776E2-8051-4F4E-A27A-7E1CDEC5144D}"
EndProject
Project("{FAE04EC0-301F-11D3-BF4B-00C04F79EFBC}") = "Rapido.Services.Customers.Core", "src\Services\Customers\Rapido.Services.Customers.Core\Rapido.Services.Customers.Core.csproj", "{5E7A6869-DB71-4F00-A30B-D086CA46F1A5}"
EndProject
Project("{FAE04EC0-301F-11D3-BF4B-00C04F79EFBC}") = "Rapido.Framework.Api", "src\Framework\Rapido.Framework.Api\Rapido.Framework.Api.csproj", "{F08BA58E-BE19-40E0-B209-E44E899E5598}"
EndProject
Project("{FAE04EC0-301F-11D3-BF4B-00C04F79EFBC}") = "Rapido.Framework.Auth", "src\Framework\Rapido.Framework.Auth\Rapido.Framework.Auth.csproj", "{3A1B06A8-7C40-48E6-8F5D-48341D18C469}"
EndProject
Project("{FAE04EC0-301F-11D3-BF4B-00C04F79EFBC}") = "Rapido.Framework.Contexts", "src\Framework\Rapido.Framework.Contexts\Rapido.Framework.Contexts.csproj", "{D0D3196E-DB14-4F67-BA40-CD2064ED68F6}"
EndProject
Project("{FAE04EC0-301F-11D3-BF4B-00C04F79EFBC}") = "Rapido.Framework.Messaging", "src\Framework\Rapido.Framework.Messaging\Rapido.Framework.Messaging.csproj", "{235DE0BB-6AAA-48A9-B3D0-C9843851BCAC}"
EndProject
Project("{FAE04EC0-301F-11D3-BF4B-00C04F79EFBC}") = "Rapido.Framework.Messaging.RabbitMQ", "src\Framework\Rapido.Framework.Messaging.RabbitMQ\Rapido.Framework.Messaging.RabbitMQ.csproj", "{39675207-45CD-4905-9D84-57585B86A12E}"
EndProject
Project("{2150E333-8FDC-42A3-9474-1A3956D46DE8}") = "Services", "Services", "{6D0AF0C8-1EAB-497F-9A39-30CC7ABED8D6}"
EndProject
Project("{2150E333-8FDC-42A3-9474-1A3956D46DE8}") = "Users", "Users", "{27CB429A-3D4E-45DE-990F-D8CF617996A5}"
EndProject
Project("{FAE04EC0-301F-11D3-BF4B-00C04F79EFBC}") = "Rapido.Framework.Testing", "src\Framework\Rapido.Framework.Testing\Rapido.Framework.Testing.csproj", "{3ED11293-CD88-471D-B013-2A5C9B801567}"
EndProject
Project("{FAE04EC0-301F-11D3-BF4B-00C04F79EFBC}") = "Rapido.Tests.Services.Users.Integration", "tests\Services\Users\Rapido.Tests.Services.Users.Integration\Rapido.Tests.Services.Users.Integration.csproj", "{8C4589E3-18D0-4D9B-985C-D0C8C46B32D2}"
EndProject
Project("{FAE04EC0-301F-11D3-BF4B-00C04F79EFBC}") = "Rapido.Framework.Contracts", "src\Framework\Rapido.Framework.Contracts\Rapido.Framework.Contracts.csproj", "{8F2A70C4-AFCF-408E-AEAA-74CB45D543B9}"
EndProject
Project("{2150E333-8FDC-42A3-9474-1A3956D46DE8}") = "Customers", "Customers", "{6BB4CE54-7526-411F-A45A-C331810611F9}"
EndProject
Project("{FAE04EC0-301F-11D3-BF4B-00C04F79EFBC}") = "Rapido.Tests.Services.Customers.Integration", "tests\Services\Customers\Rapido.Tests.Services.Customers.Integration\Rapido.Tests.Services.Customers.Integration.csproj", "{C30F1A04-5679-4F64-87B6-EF64EC69F4B9}"
EndProject
Project("{FAE04EC0-301F-11D3-BF4B-00C04F79EFBC}") = "Rapido.Services.Wallets.Api", "src\Services\Wallets\Rapido.Services.Wallets.Api\Rapido.Services.Wallets.Api.csproj", "{9DAD0813-9C2D-451D-BD2D-C1428D144AC6}"
EndProject
Project("{FAE04EC0-301F-11D3-BF4B-00C04F79EFBC}") = "Rapido.Services.Wallets.Application", "src\Services\Wallets\Rapido.Services.Wallets.Application\Rapido.Services.Wallets.Application.csproj", "{0515BEF9-94B9-4BD0-AD1B-57F16BE35A8E}"
EndProject
Project("{FAE04EC0-301F-11D3-BF4B-00C04F79EFBC}") = "Rapido.Services.Wallets.Domain", "src\Services\Wallets\Rapido.Services.Wallets.Domain\Rapido.Services.Wallets.Domain.csproj", "{95C1FF6C-6E9D-440D-8C02-947FB3916E11}"
EndProject
Project("{FAE04EC0-301F-11D3-BF4B-00C04F79EFBC}") = "Rapido.Services.Wallets.Infrastructure", "src\Services\Wallets\Rapido.Services.Wallets.Infrastructure\Rapido.Services.Wallets.Infrastructure.csproj", "{CA5F3B89-66D2-4D12-AE5C-5F37A94D90A0}"
EndProject
Project("{FAE04EC0-301F-11D3-BF4B-00C04F79EFBC}") = "Rapido.Tests.Services.Users.E2E", "tests\Services\Users\Rapido.Tests.Services.Users.E2E\Rapido.Tests.Services.Users.E2E.csproj", "{E1A26E71-A673-4D73-BE03-4F608CF22C4B}"
EndProject
Project("{FAE04EC0-301F-11D3-BF4B-00C04F79EFBC}") = "Rapido.APIGateway", "src\APIGateway\Rapido.APIGateway\Rapido.APIGateway.csproj", "{2E7377DF-6DDE-4624-9DA3-7A4F1BF8CBAD}"
EndProject
Project("{FAE04EC0-301F-11D3-BF4B-00C04F79EFBC}") = "Rapido.Services.Payments.Api", "src\Services\Payments\Rapido.Services.Payments.Api\Rapido.Services.Payments.Api.csproj", "{02C83338-9E3A-4F07-98BC-3F7957373CDE}"
EndProject
Project("{FAE04EC0-301F-11D3-BF4B-00C04F79EFBC}") = "Rapido.Services.Payments.Core", "src\Services\Payments\Rapido.Services.Payments.Core\Rapido.Services.Payments.Core.csproj", "{1FEF8018-B04E-4403-A016-CAFC20D05390}"
EndProject
Project("{FAE04EC0-301F-11D3-BF4B-00C04F79EFBC}") = "Rapido.Framework.Observability", "src\Framework\Rapido.Framework.Observability\Rapido.Framework.Observability.csproj", "{2EA44BB8-BA2E-426B-86AE-C7C5001A233B}"
EndProject
Project("{FAE04EC0-301F-11D3-BF4B-00C04F79EFBC}") = "Rapido.Framework.Health", "src\Framework\Rapido.Framework.Health\Rapido.Framework.Health.csproj", "{468207FB-1EA2-4E94-A7BB-4E7BA8E450A5}"
EndProject
Project("{FAE04EC0-301F-11D3-BF4B-00C04F79EFBC}") = "Rapido.Framework.Redis", "src\Framework\Rapido.Framework.Redis\Rapido.Framework.Redis.csproj", "{09553E08-2DB0-45F1-8FB8-92A94071BB2D}"
EndProject
Project("{2150E333-8FDC-42A3-9474-1A3956D46DE8}") = "Saga", "Saga", "{1126FF81-672D-474C-80AD-16986E741F33}"
EndProject
Project("{FAE04EC0-301F-11D3-BF4B-00C04F79EFBC}") = "Rapido.Framework.HTTP", "src\Framework\Rapido.Framework.HTTP\Rapido.Framework.HTTP.csproj", "{830A3CF9-BE68-43D5-B5CF-47DD8B9E802D}"
EndProject
Project("{2150E333-8FDC-42A3-9474-1A3956D46DE8}") = "Currencies", "Currencies", "{93EF42EB-3A9F-4FE9-8E69-76139958595A}"
EndProject
Project("{FAE04EC0-301F-11D3-BF4B-00C04F79EFBC}") = "Rapido.Services.Currencies.Api", "src\Services\Currencies\Rapido.Services.Currencies.Api\Rapido.Services.Currencies.Api.csproj", "{0AA0A338-C930-4212-B39B-4CB6DD8687DC}"
EndProject
Project("{FAE04EC0-301F-11D3-BF4B-00C04F79EFBC}") = "Rapido.Services.Currencies.Core", "src\Services\Currencies\Rapido.Services.Currencies.Core\Rapido.Services.Currencies.Core.csproj", "{30AD1695-53F4-487F-93EA-9CCD729AD42A}"
EndProject
Global
	GlobalSection(SolutionConfigurationPlatforms) = preSolution
		Debug|Any CPU = Debug|Any CPU
		Release|Any CPU = Release|Any CPU
	EndGlobalSection
	GlobalSection(SolutionProperties) = preSolution
		HideSolutionNode = FALSE
	EndGlobalSection
	GlobalSection(NestedProjects) = preSolution
		{332C9E27-6E4F-4E87-BD33-F7F82E084416} = {78F98107-EAB0-4F6C-B795-ACB7073CAE6E}
		{9183DDCA-8D96-4EF7-86C0-83B5863EAC56} = {78F98107-EAB0-4F6C-B795-ACB7073CAE6E}
		{CAB1501F-6E8F-44B8-8860-CAE6F1CBCC8E} = {78F98107-EAB0-4F6C-B795-ACB7073CAE6E}
		{327B702F-BF36-4FC6-BE6F-77A294FBE3E5} = {9183DDCA-8D96-4EF7-86C0-83B5863EAC56}
		{0CD210CC-9174-4159-B584-1C046B6FE790} = {9183DDCA-8D96-4EF7-86C0-83B5863EAC56}
		{E548E7F8-98DE-4C1E-B251-38424D523E27} = {9183DDCA-8D96-4EF7-86C0-83B5863EAC56}
		{B3F45679-98D7-4001-B423-250AA9C044B1} = {9183DDCA-8D96-4EF7-86C0-83B5863EAC56}
		{9DFC7678-255E-48B3-A2C5-F94AE3923911} = {327B702F-BF36-4FC6-BE6F-77A294FBE3E5}
		{A9B11E9A-1A0C-476B-8225-77CBE97E3016} = {327B702F-BF36-4FC6-BE6F-77A294FBE3E5}
		{405A1F61-86D4-4B0A-B67F-15C014FD0ACC} = {CAB1501F-6E8F-44B8-8860-CAE6F1CBCC8E}
		{FAB4F17A-E6E4-4401-97EC-96BDEC339A67} = {CAB1501F-6E8F-44B8-8860-CAE6F1CBCC8E}
		{B840866D-7423-417B-93D3-205995715608} = {CAB1501F-6E8F-44B8-8860-CAE6F1CBCC8E}
		{9BD776E2-8051-4F4E-A27A-7E1CDEC5144D} = {0CD210CC-9174-4159-B584-1C046B6FE790}
		{5E7A6869-DB71-4F00-A30B-D086CA46F1A5} = {0CD210CC-9174-4159-B584-1C046B6FE790}
		{F08BA58E-BE19-40E0-B209-E44E899E5598} = {CAB1501F-6E8F-44B8-8860-CAE6F1CBCC8E}
		{3A1B06A8-7C40-48E6-8F5D-48341D18C469} = {CAB1501F-6E8F-44B8-8860-CAE6F1CBCC8E}
		{D0D3196E-DB14-4F67-BA40-CD2064ED68F6} = {CAB1501F-6E8F-44B8-8860-CAE6F1CBCC8E}
		{235DE0BB-6AAA-48A9-B3D0-C9843851BCAC} = {CAB1501F-6E8F-44B8-8860-CAE6F1CBCC8E}
		{39675207-45CD-4905-9D84-57585B86A12E} = {CAB1501F-6E8F-44B8-8860-CAE6F1CBCC8E}
		{6D0AF0C8-1EAB-497F-9A39-30CC7ABED8D6} = {FACF4E4A-217A-491A-9CBE-FCA03007AB5A}
		{27CB429A-3D4E-45DE-990F-D8CF617996A5} = {6D0AF0C8-1EAB-497F-9A39-30CC7ABED8D6}
		{3ED11293-CD88-471D-B013-2A5C9B801567} = {CAB1501F-6E8F-44B8-8860-CAE6F1CBCC8E}
		{8C4589E3-18D0-4D9B-985C-D0C8C46B32D2} = {27CB429A-3D4E-45DE-990F-D8CF617996A5}
		{8F2A70C4-AFCF-408E-AEAA-74CB45D543B9} = {CAB1501F-6E8F-44B8-8860-CAE6F1CBCC8E}
		{6BB4CE54-7526-411F-A45A-C331810611F9} = {6D0AF0C8-1EAB-497F-9A39-30CC7ABED8D6}
		{C30F1A04-5679-4F64-87B6-EF64EC69F4B9} = {6BB4CE54-7526-411F-A45A-C331810611F9}
		{9DAD0813-9C2D-451D-BD2D-C1428D144AC6} = {B3F45679-98D7-4001-B423-250AA9C044B1}
		{0515BEF9-94B9-4BD0-AD1B-57F16BE35A8E} = {B3F45679-98D7-4001-B423-250AA9C044B1}
		{95C1FF6C-6E9D-440D-8C02-947FB3916E11} = {B3F45679-98D7-4001-B423-250AA9C044B1}
		{CA5F3B89-66D2-4D12-AE5C-5F37A94D90A0} = {B3F45679-98D7-4001-B423-250AA9C044B1}
		{E1A26E71-A673-4D73-BE03-4F608CF22C4B} = {27CB429A-3D4E-45DE-990F-D8CF617996A5}
		{2E7377DF-6DDE-4624-9DA3-7A4F1BF8CBAD} = {332C9E27-6E4F-4E87-BD33-F7F82E084416}
		{02C83338-9E3A-4F07-98BC-3F7957373CDE} = {E548E7F8-98DE-4C1E-B251-38424D523E27}
		{1FEF8018-B04E-4403-A016-CAFC20D05390} = {E548E7F8-98DE-4C1E-B251-38424D523E27}
		{2EA44BB8-BA2E-426B-86AE-C7C5001A233B} = {CAB1501F-6E8F-44B8-8860-CAE6F1CBCC8E}
		{468207FB-1EA2-4E94-A7BB-4E7BA8E450A5} = {CAB1501F-6E8F-44B8-8860-CAE6F1CBCC8E}
		{09553E08-2DB0-45F1-8FB8-92A94071BB2D} = {CAB1501F-6E8F-44B8-8860-CAE6F1CBCC8E}
		{1126FF81-672D-474C-80AD-16986E741F33} = {78F98107-EAB0-4F6C-B795-ACB7073CAE6E}
		{830A3CF9-BE68-43D5-B5CF-47DD8B9E802D} = {CAB1501F-6E8F-44B8-8860-CAE6F1CBCC8E}
		{93EF42EB-3A9F-4FE9-8E69-76139958595A} = {9183DDCA-8D96-4EF7-86C0-83B5863EAC56}
		{0AA0A338-C930-4212-B39B-4CB6DD8687DC} = {93EF42EB-3A9F-4FE9-8E69-76139958595A}
		{30AD1695-53F4-487F-93EA-9CCD729AD42A} = {93EF42EB-3A9F-4FE9-8E69-76139958595A}
	EndGlobalSection
	GlobalSection(ProjectConfigurationPlatforms) = postSolution
		{9DFC7678-255E-48B3-A2C5-F94AE3923911}.Debug|Any CPU.ActiveCfg = Debug|Any CPU
		{9DFC7678-255E-48B3-A2C5-F94AE3923911}.Debug|Any CPU.Build.0 = Debug|Any CPU
		{9DFC7678-255E-48B3-A2C5-F94AE3923911}.Release|Any CPU.ActiveCfg = Release|Any CPU
		{9DFC7678-255E-48B3-A2C5-F94AE3923911}.Release|Any CPU.Build.0 = Release|Any CPU
		{A9B11E9A-1A0C-476B-8225-77CBE97E3016}.Debug|Any CPU.ActiveCfg = Debug|Any CPU
		{A9B11E9A-1A0C-476B-8225-77CBE97E3016}.Debug|Any CPU.Build.0 = Debug|Any CPU
		{A9B11E9A-1A0C-476B-8225-77CBE97E3016}.Release|Any CPU.ActiveCfg = Release|Any CPU
		{A9B11E9A-1A0C-476B-8225-77CBE97E3016}.Release|Any CPU.Build.0 = Release|Any CPU
		{405A1F61-86D4-4B0A-B67F-15C014FD0ACC}.Debug|Any CPU.ActiveCfg = Debug|Any CPU
		{405A1F61-86D4-4B0A-B67F-15C014FD0ACC}.Debug|Any CPU.Build.0 = Debug|Any CPU
		{405A1F61-86D4-4B0A-B67F-15C014FD0ACC}.Release|Any CPU.ActiveCfg = Release|Any CPU
		{405A1F61-86D4-4B0A-B67F-15C014FD0ACC}.Release|Any CPU.Build.0 = Release|Any CPU
		{FAB4F17A-E6E4-4401-97EC-96BDEC339A67}.Debug|Any CPU.ActiveCfg = Debug|Any CPU
		{FAB4F17A-E6E4-4401-97EC-96BDEC339A67}.Debug|Any CPU.Build.0 = Debug|Any CPU
		{FAB4F17A-E6E4-4401-97EC-96BDEC339A67}.Release|Any CPU.ActiveCfg = Release|Any CPU
		{FAB4F17A-E6E4-4401-97EC-96BDEC339A67}.Release|Any CPU.Build.0 = Release|Any CPU
		{B840866D-7423-417B-93D3-205995715608}.Debug|Any CPU.ActiveCfg = Debug|Any CPU
		{B840866D-7423-417B-93D3-205995715608}.Debug|Any CPU.Build.0 = Debug|Any CPU
		{B840866D-7423-417B-93D3-205995715608}.Release|Any CPU.ActiveCfg = Release|Any CPU
		{B840866D-7423-417B-93D3-205995715608}.Release|Any CPU.Build.0 = Release|Any CPU
		{9BD776E2-8051-4F4E-A27A-7E1CDEC5144D}.Debug|Any CPU.ActiveCfg = Debug|Any CPU
		{9BD776E2-8051-4F4E-A27A-7E1CDEC5144D}.Debug|Any CPU.Build.0 = Debug|Any CPU
		{9BD776E2-8051-4F4E-A27A-7E1CDEC5144D}.Release|Any CPU.ActiveCfg = Release|Any CPU
		{9BD776E2-8051-4F4E-A27A-7E1CDEC5144D}.Release|Any CPU.Build.0 = Release|Any CPU
		{5E7A6869-DB71-4F00-A30B-D086CA46F1A5}.Debug|Any CPU.ActiveCfg = Debug|Any CPU
		{5E7A6869-DB71-4F00-A30B-D086CA46F1A5}.Debug|Any CPU.Build.0 = Debug|Any CPU
		{5E7A6869-DB71-4F00-A30B-D086CA46F1A5}.Release|Any CPU.ActiveCfg = Release|Any CPU
		{5E7A6869-DB71-4F00-A30B-D086CA46F1A5}.Release|Any CPU.Build.0 = Release|Any CPU
		{F08BA58E-BE19-40E0-B209-E44E899E5598}.Debug|Any CPU.ActiveCfg = Debug|Any CPU
		{F08BA58E-BE19-40E0-B209-E44E899E5598}.Debug|Any CPU.Build.0 = Debug|Any CPU
		{F08BA58E-BE19-40E0-B209-E44E899E5598}.Release|Any CPU.ActiveCfg = Release|Any CPU
		{F08BA58E-BE19-40E0-B209-E44E899E5598}.Release|Any CPU.Build.0 = Release|Any CPU
		{3A1B06A8-7C40-48E6-8F5D-48341D18C469}.Debug|Any CPU.ActiveCfg = Debug|Any CPU
		{3A1B06A8-7C40-48E6-8F5D-48341D18C469}.Debug|Any CPU.Build.0 = Debug|Any CPU
		{3A1B06A8-7C40-48E6-8F5D-48341D18C469}.Release|Any CPU.ActiveCfg = Release|Any CPU
		{3A1B06A8-7C40-48E6-8F5D-48341D18C469}.Release|Any CPU.Build.0 = Release|Any CPU
		{D0D3196E-DB14-4F67-BA40-CD2064ED68F6}.Debug|Any CPU.ActiveCfg = Debug|Any CPU
		{D0D3196E-DB14-4F67-BA40-CD2064ED68F6}.Debug|Any CPU.Build.0 = Debug|Any CPU
		{D0D3196E-DB14-4F67-BA40-CD2064ED68F6}.Release|Any CPU.ActiveCfg = Release|Any CPU
		{D0D3196E-DB14-4F67-BA40-CD2064ED68F6}.Release|Any CPU.Build.0 = Release|Any CPU
		{235DE0BB-6AAA-48A9-B3D0-C9843851BCAC}.Debug|Any CPU.ActiveCfg = Debug|Any CPU
		{235DE0BB-6AAA-48A9-B3D0-C9843851BCAC}.Debug|Any CPU.Build.0 = Debug|Any CPU
		{235DE0BB-6AAA-48A9-B3D0-C9843851BCAC}.Release|Any CPU.ActiveCfg = Release|Any CPU
		{235DE0BB-6AAA-48A9-B3D0-C9843851BCAC}.Release|Any CPU.Build.0 = Release|Any CPU
		{39675207-45CD-4905-9D84-57585B86A12E}.Debug|Any CPU.ActiveCfg = Debug|Any CPU
		{39675207-45CD-4905-9D84-57585B86A12E}.Debug|Any CPU.Build.0 = Debug|Any CPU
		{39675207-45CD-4905-9D84-57585B86A12E}.Release|Any CPU.ActiveCfg = Release|Any CPU
		{39675207-45CD-4905-9D84-57585B86A12E}.Release|Any CPU.Build.0 = Release|Any CPU
		{3ED11293-CD88-471D-B013-2A5C9B801567}.Debug|Any CPU.ActiveCfg = Debug|Any CPU
		{3ED11293-CD88-471D-B013-2A5C9B801567}.Debug|Any CPU.Build.0 = Debug|Any CPU
		{3ED11293-CD88-471D-B013-2A5C9B801567}.Release|Any CPU.ActiveCfg = Release|Any CPU
		{3ED11293-CD88-471D-B013-2A5C9B801567}.Release|Any CPU.Build.0 = Release|Any CPU
		{8C4589E3-18D0-4D9B-985C-D0C8C46B32D2}.Debug|Any CPU.ActiveCfg = Debug|Any CPU
		{8C4589E3-18D0-4D9B-985C-D0C8C46B32D2}.Debug|Any CPU.Build.0 = Debug|Any CPU
		{8C4589E3-18D0-4D9B-985C-D0C8C46B32D2}.Release|Any CPU.ActiveCfg = Release|Any CPU
		{8C4589E3-18D0-4D9B-985C-D0C8C46B32D2}.Release|Any CPU.Build.0 = Release|Any CPU
		{8F2A70C4-AFCF-408E-AEAA-74CB45D543B9}.Debug|Any CPU.ActiveCfg = Debug|Any CPU
		{8F2A70C4-AFCF-408E-AEAA-74CB45D543B9}.Debug|Any CPU.Build.0 = Debug|Any CPU
		{8F2A70C4-AFCF-408E-AEAA-74CB45D543B9}.Release|Any CPU.ActiveCfg = Release|Any CPU
		{8F2A70C4-AFCF-408E-AEAA-74CB45D543B9}.Release|Any CPU.Build.0 = Release|Any CPU
		{C30F1A04-5679-4F64-87B6-EF64EC69F4B9}.Debug|Any CPU.ActiveCfg = Debug|Any CPU
		{C30F1A04-5679-4F64-87B6-EF64EC69F4B9}.Debug|Any CPU.Build.0 = Debug|Any CPU
		{C30F1A04-5679-4F64-87B6-EF64EC69F4B9}.Release|Any CPU.ActiveCfg = Release|Any CPU
		{C30F1A04-5679-4F64-87B6-EF64EC69F4B9}.Release|Any CPU.Build.0 = Release|Any CPU
		{9DAD0813-9C2D-451D-BD2D-C1428D144AC6}.Debug|Any CPU.ActiveCfg = Debug|Any CPU
		{9DAD0813-9C2D-451D-BD2D-C1428D144AC6}.Debug|Any CPU.Build.0 = Debug|Any CPU
		{9DAD0813-9C2D-451D-BD2D-C1428D144AC6}.Release|Any CPU.ActiveCfg = Release|Any CPU
		{9DAD0813-9C2D-451D-BD2D-C1428D144AC6}.Release|Any CPU.Build.0 = Release|Any CPU
		{0515BEF9-94B9-4BD0-AD1B-57F16BE35A8E}.Debug|Any CPU.ActiveCfg = Debug|Any CPU
		{0515BEF9-94B9-4BD0-AD1B-57F16BE35A8E}.Debug|Any CPU.Build.0 = Debug|Any CPU
		{0515BEF9-94B9-4BD0-AD1B-57F16BE35A8E}.Release|Any CPU.ActiveCfg = Release|Any CPU
		{0515BEF9-94B9-4BD0-AD1B-57F16BE35A8E}.Release|Any CPU.Build.0 = Release|Any CPU
		{95C1FF6C-6E9D-440D-8C02-947FB3916E11}.Debug|Any CPU.ActiveCfg = Debug|Any CPU
		{95C1FF6C-6E9D-440D-8C02-947FB3916E11}.Debug|Any CPU.Build.0 = Debug|Any CPU
		{95C1FF6C-6E9D-440D-8C02-947FB3916E11}.Release|Any CPU.ActiveCfg = Release|Any CPU
		{95C1FF6C-6E9D-440D-8C02-947FB3916E11}.Release|Any CPU.Build.0 = Release|Any CPU
		{CA5F3B89-66D2-4D12-AE5C-5F37A94D90A0}.Debug|Any CPU.ActiveCfg = Debug|Any CPU
		{CA5F3B89-66D2-4D12-AE5C-5F37A94D90A0}.Debug|Any CPU.Build.0 = Debug|Any CPU
		{CA5F3B89-66D2-4D12-AE5C-5F37A94D90A0}.Release|Any CPU.ActiveCfg = Release|Any CPU
		{CA5F3B89-66D2-4D12-AE5C-5F37A94D90A0}.Release|Any CPU.Build.0 = Release|Any CPU
		{E1A26E71-A673-4D73-BE03-4F608CF22C4B}.Debug|Any CPU.ActiveCfg = Debug|Any CPU
		{E1A26E71-A673-4D73-BE03-4F608CF22C4B}.Debug|Any CPU.Build.0 = Debug|Any CPU
		{E1A26E71-A673-4D73-BE03-4F608CF22C4B}.Release|Any CPU.ActiveCfg = Release|Any CPU
		{E1A26E71-A673-4D73-BE03-4F608CF22C4B}.Release|Any CPU.Build.0 = Release|Any CPU
		{2E7377DF-6DDE-4624-9DA3-7A4F1BF8CBAD}.Debug|Any CPU.ActiveCfg = Debug|Any CPU
		{2E7377DF-6DDE-4624-9DA3-7A4F1BF8CBAD}.Debug|Any CPU.Build.0 = Debug|Any CPU
		{2E7377DF-6DDE-4624-9DA3-7A4F1BF8CBAD}.Release|Any CPU.ActiveCfg = Release|Any CPU
		{2E7377DF-6DDE-4624-9DA3-7A4F1BF8CBAD}.Release|Any CPU.Build.0 = Release|Any CPU
		{02C83338-9E3A-4F07-98BC-3F7957373CDE}.Debug|Any CPU.ActiveCfg = Debug|Any CPU
		{02C83338-9E3A-4F07-98BC-3F7957373CDE}.Debug|Any CPU.Build.0 = Debug|Any CPU
		{02C83338-9E3A-4F07-98BC-3F7957373CDE}.Release|Any CPU.ActiveCfg = Release|Any CPU
		{02C83338-9E3A-4F07-98BC-3F7957373CDE}.Release|Any CPU.Build.0 = Release|Any CPU
		{1FEF8018-B04E-4403-A016-CAFC20D05390}.Debug|Any CPU.ActiveCfg = Debug|Any CPU
		{1FEF8018-B04E-4403-A016-CAFC20D05390}.Debug|Any CPU.Build.0 = Debug|Any CPU
		{1FEF8018-B04E-4403-A016-CAFC20D05390}.Release|Any CPU.ActiveCfg = Release|Any CPU
		{1FEF8018-B04E-4403-A016-CAFC20D05390}.Release|Any CPU.Build.0 = Release|Any CPU
		{2EA44BB8-BA2E-426B-86AE-C7C5001A233B}.Debug|Any CPU.ActiveCfg = Debug|Any CPU
		{2EA44BB8-BA2E-426B-86AE-C7C5001A233B}.Debug|Any CPU.Build.0 = Debug|Any CPU
		{2EA44BB8-BA2E-426B-86AE-C7C5001A233B}.Release|Any CPU.ActiveCfg = Release|Any CPU
		{2EA44BB8-BA2E-426B-86AE-C7C5001A233B}.Release|Any CPU.Build.0 = Release|Any CPU
		{468207FB-1EA2-4E94-A7BB-4E7BA8E450A5}.Debug|Any CPU.ActiveCfg = Debug|Any CPU
		{468207FB-1EA2-4E94-A7BB-4E7BA8E450A5}.Debug|Any CPU.Build.0 = Debug|Any CPU
		{468207FB-1EA2-4E94-A7BB-4E7BA8E450A5}.Release|Any CPU.ActiveCfg = Release|Any CPU
		{468207FB-1EA2-4E94-A7BB-4E7BA8E450A5}.Release|Any CPU.Build.0 = Release|Any CPU
		{09553E08-2DB0-45F1-8FB8-92A94071BB2D}.Debug|Any CPU.ActiveCfg = Debug|Any CPU
		{09553E08-2DB0-45F1-8FB8-92A94071BB2D}.Debug|Any CPU.Build.0 = Debug|Any CPU
		{09553E08-2DB0-45F1-8FB8-92A94071BB2D}.Release|Any CPU.ActiveCfg = Release|Any CPU
		{09553E08-2DB0-45F1-8FB8-92A94071BB2D}.Release|Any CPU.Build.0 = Release|Any CPU
		{830A3CF9-BE68-43D5-B5CF-47DD8B9E802D}.Debug|Any CPU.ActiveCfg = Debug|Any CPU
		{830A3CF9-BE68-43D5-B5CF-47DD8B9E802D}.Debug|Any CPU.Build.0 = Debug|Any CPU
		{830A3CF9-BE68-43D5-B5CF-47DD8B9E802D}.Release|Any CPU.ActiveCfg = Release|Any CPU
		{830A3CF9-BE68-43D5-B5CF-47DD8B9E802D}.Release|Any CPU.Build.0 = Release|Any CPU
		{0AA0A338-C930-4212-B39B-4CB6DD8687DC}.Debug|Any CPU.ActiveCfg = Debug|Any CPU
		{0AA0A338-C930-4212-B39B-4CB6DD8687DC}.Debug|Any CPU.Build.0 = Debug|Any CPU
		{0AA0A338-C930-4212-B39B-4CB6DD8687DC}.Release|Any CPU.ActiveCfg = Release|Any CPU
		{0AA0A338-C930-4212-B39B-4CB6DD8687DC}.Release|Any CPU.Build.0 = Release|Any CPU
		{30AD1695-53F4-487F-93EA-9CCD729AD42A}.Debug|Any CPU.ActiveCfg = Debug|Any CPU
		{30AD1695-53F4-487F-93EA-9CCD729AD42A}.Debug|Any CPU.Build.0 = Debug|Any CPU
		{30AD1695-53F4-487F-93EA-9CCD729AD42A}.Release|Any CPU.ActiveCfg = Release|Any CPU
		{30AD1695-53F4-487F-93EA-9CCD729AD42A}.Release|Any CPU.Build.0 = Release|Any CPU
	EndGlobalSection
EndGlobal
