
Microsoft Visual Studio Solution File, Format Version 12.00
# Visual Studio Version 17
VisualStudioVersion = 17.0.31903.59
MinimumVisualStudioVersion = 10.0.40219.1
Project("{2150E333-8FDC-42A3-9474-1A3956D46DE8}") = "src", "src", "{78F98107-EAB0-4F6C-B795-ACB7073CAE6E}"
EndProject
Project("{2150E333-8FDC-42A3-9474-1A3956D46DE8}") = "tests", "tests", "{FACF4E4A-217A-491A-9CBE-FCA03007AB5A}"
EndProject
Project("{2150E333-8FDC-42A3-9474-1A3956D46DE8}") = "APIGateway", "APIGateway", "{332C9E27-6E4F-4E87-BD33-F7F82E084416}"
EndProject
Project("{2150E333-8FDC-42A3-9474-1A3956D46DE8}") = "Services", "Services", "{9183DDCA-8D96-4EF7-86C0-83B5863EAC56}"
EndProject
Project("{2150E333-8FDC-42A3-9474-1A3956D46DE8}") = "Framework", "Framework", "{CAB1501F-6E8F-44B8-8860-CAE6F1CBCC8E}"
EndProject
Project("{2150E333-8FDC-42A3-9474-1A3956D46DE8}") = "Users", "Users", "{327B702F-BF36-4FC6-BE6F-77A294FBE3E5}"
EndProject
Project("{2150E333-8FDC-42A3-9474-1A3956D46DE8}") = "Customers", "Customers", "{0CD210CC-9174-4159-B584-1C046B6FE790}"
EndProject
Project("{2150E333-8FDC-42A3-9474-1A3956D46DE8}") = "Payments", "Payments", "{E548E7F8-98DE-4C1E-B251-38424D523E27}"
EndProject
Project("{2150E333-8FDC-42A3-9474-1A3956D46DE8}") = "Wallets", "Wallets", "{B3F45679-98D7-4001-B423-250AA9C044B1}"
EndProject
Project("{2150E333-8FDC-42A3-9474-1A3956D46DE8}") = "Saga", "Saga", "{B045342B-983F-40B5-A8BC-C92A96384F25}"
EndProject
Project("{FAE04EC0-301F-11D3-BF4B-00C04F79EFBC}") = "Rapido.Services.Users.Api", "src\Services\Users\Rapido.Services.Users.Api\Rapido.Services.Users.Api.csproj", "{9DFC7678-255E-48B3-A2C5-F94AE3923911}"
EndProject
Project("{FAE04EC0-301F-11D3-BF4B-00C04F79EFBC}") = "Rapido.Services.Users.Core", "src\Services\Users\Rapido.Services.Users.Core\Rapido.Services.Users.Core.csproj", "{A9B11E9A-1A0C-476B-8225-77CBE97E3016}"
EndProject
Project("{FAE04EC0-301F-11D3-BF4B-00C04F79EFBC}") = "Rapido.Framework", "src\Framework\Rapido.Framework\Rapido.Framework.csproj", "{405A1F61-86D4-4B0A-B67F-15C014FD0ACC}"
EndProject
Project("{FAE04EC0-301F-11D3-BF4B-00C04F79EFBC}") = "Rapido.Framework.Postgres", "src\Framework\Rapido.Framework.Postgres\Rapido.Framework.Postgres.csproj", "{FAB4F17A-E6E4-4401-97EC-96BDEC339A67}"
EndProject
Project("{FAE04EC0-301F-11D3-BF4B-00C04F79EFBC}") = "Rapido.Framework.CQRS", "src\Framework\Rapido.Framework.CQRS\Rapido.Framework.CQRS.csproj", "{B8DD4BB8-C5CA-4AF3-8DBE-1DB869E15996}"
EndProject
Project("{FAE04EC0-301F-11D3-BF4B-00C04F79EFBC}") = "Rapido.Framework.Common", "src\Framework\Rapido.Framework.Common\Rapido.Framework.Common.csproj", "{B840866D-7423-417B-93D3-205995715608}"
EndProject
Project("{FAE04EC0-301F-11D3-BF4B-00C04F79EFBC}") = "Rapido.Framework.Auth", "src\Framework\Rapido.Framework.Auth\Rapido.Framework.Auth\Rapido.Framework.Auth.csproj", "{EEC04B54-E5ED-4FE4-B736-6A497847012B}"
EndProject
Project("{FAE04EC0-301F-11D3-BF4B-00C04F79EFBC}") = "Rapido.Framework.Api", "src\Framework\Rapido.Framework.Api\Rapido.Framework.Api\Rapido.Framework.Api.csproj", "{9ABE0651-0B27-4F84-A671-F900C84B9F8D}"
EndProject
Project("{FAE04EC0-301F-11D3-BF4B-00C04F79EFBC}") = "Rapido.Framework.Contexts", "src\Framework\Rapido.Framework.Contexts\Rapido.Framework.Contexts\Rapido.Framework.Contexts.csproj", "{4305651C-73FA-4F3C-BEB1-D6E137110545}"
EndProject
Project("{FAE04EC0-301F-11D3-BF4B-00C04F79EFBC}") = "Rapido.Services.Customers.Api", "src\Services\Customers\Rapido.Services.Customers.Api\Rapido.Services.Customers.Api.csproj", "{9BD776E2-8051-4F4E-A27A-7E1CDEC5144D}"
EndProject
Project("{FAE04EC0-301F-11D3-BF4B-00C04F79EFBC}") = "Rapido.Services.Customers.Core", "src\Services\Customers\Rapido.Services.Customers.Core\Rapido.Services.Customers.Core.csproj", "{5E7A6869-DB71-4F00-A30B-D086CA46F1A5}"
EndProject
Global
	GlobalSection(SolutionConfigurationPlatforms) = preSolution
		Debug|Any CPU = Debug|Any CPU
		Release|Any CPU = Release|Any CPU
	EndGlobalSection
	GlobalSection(SolutionProperties) = preSolution
		HideSolutionNode = FALSE
	EndGlobalSection
	GlobalSection(NestedProjects) = preSolution
		{332C9E27-6E4F-4E87-BD33-F7F82E084416} = {78F98107-EAB0-4F6C-B795-ACB7073CAE6E}
		{9183DDCA-8D96-4EF7-86C0-83B5863EAC56} = {78F98107-EAB0-4F6C-B795-ACB7073CAE6E}
		{CAB1501F-6E8F-44B8-8860-CAE6F1CBCC8E} = {78F98107-EAB0-4F6C-B795-ACB7073CAE6E}
		{327B702F-BF36-4FC6-BE6F-77A294FBE3E5} = {9183DDCA-8D96-4EF7-86C0-83B5863EAC56}
		{0CD210CC-9174-4159-B584-1C046B6FE790} = {9183DDCA-8D96-4EF7-86C0-83B5863EAC56}
		{E548E7F8-98DE-4C1E-B251-38424D523E27} = {9183DDCA-8D96-4EF7-86C0-83B5863EAC56}
		{B3F45679-98D7-4001-B423-250AA9C044B1} = {9183DDCA-8D96-4EF7-86C0-83B5863EAC56}
		{B045342B-983F-40B5-A8BC-C92A96384F25} = {9183DDCA-8D96-4EF7-86C0-83B5863EAC56}
		{9DFC7678-255E-48B3-A2C5-F94AE3923911} = {327B702F-BF36-4FC6-BE6F-77A294FBE3E5}
		{A9B11E9A-1A0C-476B-8225-77CBE97E3016} = {327B702F-BF36-4FC6-BE6F-77A294FBE3E5}
		{405A1F61-86D4-4B0A-B67F-15C014FD0ACC} = {CAB1501F-6E8F-44B8-8860-CAE6F1CBCC8E}
		{FAB4F17A-E6E4-4401-97EC-96BDEC339A67} = {CAB1501F-6E8F-44B8-8860-CAE6F1CBCC8E}
		{B8DD4BB8-C5CA-4AF3-8DBE-1DB869E15996} = {CAB1501F-6E8F-44B8-8860-CAE6F1CBCC8E}
		{B840866D-7423-417B-93D3-205995715608} = {CAB1501F-6E8F-44B8-8860-CAE6F1CBCC8E}
		{EEC04B54-E5ED-4FE4-B736-6A497847012B} = {CAB1501F-6E8F-44B8-8860-CAE6F1CBCC8E}
		{9ABE0651-0B27-4F84-A671-F900C84B9F8D} = {CAB1501F-6E8F-44B8-8860-CAE6F1CBCC8E}
		{4305651C-73FA-4F3C-BEB1-D6E137110545} = {CAB1501F-6E8F-44B8-8860-CAE6F1CBCC8E}
		{9BD776E2-8051-4F4E-A27A-7E1CDEC5144D} = {0CD210CC-9174-4159-B584-1C046B6FE790}
		{5E7A6869-DB71-4F00-A30B-D086CA46F1A5} = {0CD210CC-9174-4159-B584-1C046B6FE790}
	EndGlobalSection
	GlobalSection(ProjectConfigurationPlatforms) = postSolution
		{9DFC7678-255E-48B3-A2C5-F94AE3923911}.Debug|Any CPU.ActiveCfg = Debug|Any CPU
		{9DFC7678-255E-48B3-A2C5-F94AE3923911}.Debug|Any CPU.Build.0 = Debug|Any CPU
		{9DFC7678-255E-48B3-A2C5-F94AE3923911}.Release|Any CPU.ActiveCfg = Release|Any CPU
		{9DFC7678-255E-48B3-A2C5-F94AE3923911}.Release|Any CPU.Build.0 = Release|Any CPU
		{A9B11E9A-1A0C-476B-8225-77CBE97E3016}.Debug|Any CPU.ActiveCfg = Debug|Any CPU
		{A9B11E9A-1A0C-476B-8225-77CBE97E3016}.Debug|Any CPU.Build.0 = Debug|Any CPU
		{A9B11E9A-1A0C-476B-8225-77CBE97E3016}.Release|Any CPU.ActiveCfg = Release|Any CPU
		{A9B11E9A-1A0C-476B-8225-77CBE97E3016}.Release|Any CPU.Build.0 = Release|Any CPU
		{405A1F61-86D4-4B0A-B67F-15C014FD0ACC}.Debug|Any CPU.ActiveCfg = Debug|Any CPU
		{405A1F61-86D4-4B0A-B67F-15C014FD0ACC}.Debug|Any CPU.Build.0 = Debug|Any CPU
		{405A1F61-86D4-4B0A-B67F-15C014FD0ACC}.Release|Any CPU.ActiveCfg = Release|Any CPU
		{405A1F61-86D4-4B0A-B67F-15C014FD0ACC}.Release|Any CPU.Build.0 = Release|Any CPU
		{FAB4F17A-E6E4-4401-97EC-96BDEC339A67}.Debug|Any CPU.ActiveCfg = Debug|Any CPU
		{FAB4F17A-E6E4-4401-97EC-96BDEC339A67}.Debug|Any CPU.Build.0 = Debug|Any CPU
		{FAB4F17A-E6E4-4401-97EC-96BDEC339A67}.Release|Any CPU.ActiveCfg = Release|Any CPU
		{FAB4F17A-E6E4-4401-97EC-96BDEC339A67}.Release|Any CPU.Build.0 = Release|Any CPU
		{B8DD4BB8-C5CA-4AF3-8DBE-1DB869E15996}.Debug|Any CPU.ActiveCfg = Debug|Any CPU
		{B8DD4BB8-C5CA-4AF3-8DBE-1DB869E15996}.Debug|Any CPU.Build.0 = Debug|Any CPU
		{B8DD4BB8-C5CA-4AF3-8DBE-1DB869E15996}.Release|Any CPU.ActiveCfg = Release|Any CPU
		{B8DD4BB8-C5CA-4AF3-8DBE-1DB869E15996}.Release|Any CPU.Build.0 = Release|Any CPU
		{B840866D-7423-417B-93D3-205995715608}.Debug|Any CPU.ActiveCfg = Debug|Any CPU
		{B840866D-7423-417B-93D3-205995715608}.Debug|Any CPU.Build.0 = Debug|Any CPU
		{B840866D-7423-417B-93D3-205995715608}.Release|Any CPU.ActiveCfg = Release|Any CPU
		{B840866D-7423-417B-93D3-205995715608}.Release|Any CPU.Build.0 = Release|Any CPU
		{EEC04B54-E5ED-4FE4-B736-6A497847012B}.Debug|Any CPU.ActiveCfg = Debug|Any CPU
		{EEC04B54-E5ED-4FE4-B736-6A497847012B}.Debug|Any CPU.Build.0 = Debug|Any CPU
		{EEC04B54-E5ED-4FE4-B736-6A497847012B}.Release|Any CPU.ActiveCfg = Release|Any CPU
		{EEC04B54-E5ED-4FE4-B736-6A497847012B}.Release|Any CPU.Build.0 = Release|Any CPU
		{9ABE0651-0B27-4F84-A671-F900C84B9F8D}.Debug|Any CPU.ActiveCfg = Debug|Any CPU
		{9ABE0651-0B27-4F84-A671-F900C84B9F8D}.Debug|Any CPU.Build.0 = Debug|Any CPU
		{9ABE0651-0B27-4F84-A671-F900C84B9F8D}.Release|Any CPU.ActiveCfg = Release|Any CPU
		{9ABE0651-0B27-4F84-A671-F900C84B9F8D}.Release|Any CPU.Build.0 = Release|Any CPU
		{4305651C-73FA-4F3C-BEB1-D6E137110545}.Debug|Any CPU.ActiveCfg = Debug|Any CPU
		{4305651C-73FA-4F3C-BEB1-D6E137110545}.Debug|Any CPU.Build.0 = Debug|Any CPU
		{4305651C-73FA-4F3C-BEB1-D6E137110545}.Release|Any CPU.ActiveCfg = Release|Any CPU
		{4305651C-73FA-4F3C-BEB1-D6E137110545}.Release|Any CPU.Build.0 = Release|Any CPU
		{9BD776E2-8051-4F4E-A27A-7E1CDEC5144D}.Debug|Any CPU.ActiveCfg = Debug|Any CPU
		{9BD776E2-8051-4F4E-A27A-7E1CDEC5144D}.Debug|Any CPU.Build.0 = Debug|Any CPU
		{9BD776E2-8051-4F4E-A27A-7E1CDEC5144D}.Release|Any CPU.ActiveCfg = Release|Any CPU
		{9BD776E2-8051-4F4E-A27A-7E1CDEC5144D}.Release|Any CPU.Build.0 = Release|Any CPU
		{5E7A6869-DB71-4F00-A30B-D086CA46F1A5}.Debug|Any CPU.ActiveCfg = Debug|Any CPU
		{5E7A6869-DB71-4F00-A30B-D086CA46F1A5}.Debug|Any CPU.Build.0 = Debug|Any CPU
		{5E7A6869-DB71-4F00-A30B-D086CA46F1A5}.Release|Any CPU.ActiveCfg = Release|Any CPU
		{5E7A6869-DB71-4F00-A30B-D086CA46F1A5}.Release|Any CPU.Build.0 = Release|Any CPU
	EndGlobalSection
EndGlobal
